PODS:
  - battery_plus (0.0.1):
    - FlutterMacOS
  - flutter_blue_plus_darwin (0.0.2):
    - Flutter
    - FlutterMacOS
  - flutter_local_notifications (0.0.1):
    - FlutterMacOS
  - FlutterMacOS (1.0.0)
  - screen_brightness_macos (0.1.0):
    - FlutterMacOS
  - shared_preferences_foundation (0.0.1):
    - Flutter
    - FlutterMacOS
  - url_launcher_macos (0.0.1):
    - FlutterMacOS

DEPENDENCIES:
  - battery_plus (from `Flutter/ephemeral/.symlinks/plugins/battery_plus/macos`)
  - flutter_blue_plus_darwin (from `Flutter/ephemeral/.symlinks/plugins/flutter_blue_plus_darwin/darwin`)
  - flutter_local_notifications (from `Flutter/ephemeral/.symlinks/plugins/flutter_local_notifications/macos`)
  - FlutterMacOS (from `Flutter/ephemeral`)
  - screen_brightness_macos (from `Flutter/ephemeral/.symlinks/plugins/screen_brightness_macos/macos`)
  - shared_preferences_foundation (from `Flutter/ephemeral/.symlinks/plugins/shared_preferences_foundation/darwin`)
  - url_launcher_macos (from `Flutter/ephemeral/.symlinks/plugins/url_launcher_macos/macos`)

EXTERNAL SOURCES:
  battery_plus:
    :path: Flutter/ephemeral/.symlinks/plugins/battery_plus/macos
  flutter_blue_plus_darwin:
    :path: Flutter/ephemeral/.symlinks/plugins/flutter_blue_plus_darwin/darwin
  flutter_local_notifications:
    :path: Flutter/ephemeral/.symlinks/plugins/flutter_local_notifications/macos
  FlutterMacOS:
    :path: Flutter/ephemeral
  screen_brightness_macos:
    :path: Flutter/ephemeral/.symlinks/plugins/screen_brightness_macos/macos
  shared_preferences_foundation:
    :path: Flutter/ephemeral/.symlinks/plugins/shared_preferences_foundation/darwin
  url_launcher_macos:
    :path: Flutter/ephemeral/.symlinks/plugins/url_launcher_macos/macos

SPEC CHECKSUMS:
  battery_plus: 0495761dc45b8a1631ed5066d4af1990314eac6f
  flutter_blue_plus_darwin: 20a08bfeaa0f7804d524858d3d8744bcc1b6dbc3
  flutter_local_notifications: 453432cd6399a07d072885bc7828fb2307868856
  FlutterMacOS: 8f6f14fa908a6fb3fba0cd85dbd81ec4b251fb24
  screen_brightness_macos: 2a3ee243f8051c340381e8e51bcedced8360f421
  shared_preferences_foundation: 9e1978ff2562383bd5676f64ec4e9aa8fa06a6f7
  url_launcher_macos: 0fba8ddabfc33ce0a9afe7c5fef5aab3d8d2d673

PODFILE CHECKSUM: 7eb978b976557c8c1cd717d8185ec483fd090a82

COCOAPODS: 1.16.2
